
Microsoft Visual Studio Solution File, Format Version 12.00
# Visual Studio 15
VisualStudioVersion = 15.0.26430.15
MinimumVisualStudioVersion = 10.0.40219.1
Project("{FAE04EC0-301F-11D3-BF4B-00C04F79EFBC}") = "Keyblock", "Keyblock\Keyblock.csproj", "{E62C2573-7885-4EB6-92C1-A708E7736F34}"
EndProject
Project("{FAE04EC0-301F-11D3-BF4B-00C04F79EFBC}") = "NewCamd", "NewCamd\NewCamd.csproj", "{9B439EA3-B20C-4A50-9657-4D393AD2D72D}"
EndProject
Project("{FAE04EC0-301F-11D3-BF4B-00C04F79EFBC}") = "SharedComponents", "SharedComponents\SharedComponents.csproj", "{17E72FDD-C439-4955-8FA6-125F08702A79}"
EndProject
Project("{FAE04EC0-301F-11D3-BF4B-00C04F79EFBC}") = "SettopBox", "SettopBox\SettopBox.csproj", "{2BC70BDC-4906-4682-A061-9743BD3DB822}"
EndProject
Project("{FAE04EC0-301F-11D3-BF4B-00C04F79EFBC}") = "WebUi", "WebUi\WebUi.csproj", "{61ACA837-0874-4BCC-8815-B3E64207480D}"
EndProject
Project("{FAE04EC0-301F-11D3-BF4B-00C04F79EFBC}") = "RunAndMonitor", "RunAndMonitor\RunAndMonitor.csproj", "{17D51186-F17C-440C-8650-78EA07B4D756}"
EndProject
Project("{FAE04EC0-301F-11D3-BF4B-00C04F79EFBC}") = "EpgGrabber", "EpgGrabber\EpgGrabber.csproj", "{22E85E47-B5F5-46DB-85C5-1D24D69A330D}"
EndProject
Project("{FAE04EC0-301F-11D3-BF4B-00C04F79EFBC}") = "TvHeadendIntegration", "TvHeadendIntegration\TvHeadendIntegration.csproj", "{7F602308-99F7-4516-934D-3DCC28DC6782}"
EndProject
Project("{FAE04EC0-301F-11D3-BF4B-00C04F79EFBC}") = "ChannelList", "ChannelList\ChannelList.csproj", "{7B44A2BE-7885-43A8-B34D-C8397BA9588D}"
EndProject
Project("{FAE04EC0-301F-11D3-BF4B-00C04F79EFBC}") = "WebHelper", "WebHelper\WebHelper.csproj", "{3486F8AF-E532-4D50-B6DF-FC172B310450}"
EndProject
Project("{FAE04EC0-301F-11D3-BF4B-00C04F79EFBC}") = "ChannelListTest", "ChannelListTest\ChannelListTest.csproj", "{8A34F8EC-EDE0-4B48-B708-12E1DE89B425}"
	ProjectSection(ProjectDependencies) = postProject
		{61ACA837-0874-4BCC-8815-B3E64207480D} = {61ACA837-0874-4BCC-8815-B3E64207480D}
	EndProjectSection
EndProject
Project("{FAE04EC0-301F-11D3-BF4B-00C04F79EFBC}") = "KeyblockTestServer", "KeyblockTestServer\KeyblockTestServer.csproj", "{2FE17B9D-ABBB-41B5-873F-99E6DEC41105}"
EndProject
Global
	GlobalSection(SolutionConfigurationPlatforms) = preSolution
		Debug|Any CPU = Debug|Any CPU
		Release|Any CPU = Release|Any CPU
	EndGlobalSection
	GlobalSection(ProjectConfigurationPlatforms) = postSolution
		{E62C2573-7885-4EB6-92C1-A708E7736F34}.Debug|Any CPU.ActiveCfg = Debug|Any CPU
		{E62C2573-7885-4EB6-92C1-A708E7736F34}.Debug|Any CPU.Build.0 = Debug|Any CPU
		{E62C2573-7885-4EB6-92C1-A708E7736F34}.Release|Any CPU.ActiveCfg = Release|Any CPU
		{E62C2573-7885-4EB6-92C1-A708E7736F34}.Release|Any CPU.Build.0 = Release|Any CPU
		{9B439EA3-B20C-4A50-9657-4D393AD2D72D}.Debug|Any CPU.ActiveCfg = Debug|Any CPU
		{9B439EA3-B20C-4A50-9657-4D393AD2D72D}.Debug|Any CPU.Build.0 = Debug|Any CPU
		{9B439EA3-B20C-4A50-9657-4D393AD2D72D}.Release|Any CPU.ActiveCfg = Release|Any CPU
		{9B439EA3-B20C-4A50-9657-4D393AD2D72D}.Release|Any CPU.Build.0 = Release|Any CPU
		{17E72FDD-C439-4955-8FA6-125F08702A79}.Debug|Any CPU.ActiveCfg = Debug|Any CPU
		{17E72FDD-C439-4955-8FA6-125F08702A79}.Debug|Any CPU.Build.0 = Debug|Any CPU
		{17E72FDD-C439-4955-8FA6-125F08702A79}.Release|Any CPU.ActiveCfg = Release|Any CPU
		{17E72FDD-C439-4955-8FA6-125F08702A79}.Release|Any CPU.Build.0 = Release|Any CPU
		{2BC70BDC-4906-4682-A061-9743BD3DB822}.Debug|Any CPU.ActiveCfg = Debug|Any CPU
		{2BC70BDC-4906-4682-A061-9743BD3DB822}.Debug|Any CPU.Build.0 = Debug|Any CPU
		{2BC70BDC-4906-4682-A061-9743BD3DB822}.Release|Any CPU.ActiveCfg = Release|Any CPU
		{2BC70BDC-4906-4682-A061-9743BD3DB822}.Release|Any CPU.Build.0 = Release|Any CPU
		{61ACA837-0874-4BCC-8815-B3E64207480D}.Debug|Any CPU.ActiveCfg = Debug|Any CPU
		{61ACA837-0874-4BCC-8815-B3E64207480D}.Debug|Any CPU.Build.0 = Debug|Any CPU
		{61ACA837-0874-4BCC-8815-B3E64207480D}.Release|Any CPU.ActiveCfg = Release|Any CPU
		{61ACA837-0874-4BCC-8815-B3E64207480D}.Release|Any CPU.Build.0 = Release|Any CPU
		{17D51186-F17C-440C-8650-78EA07B4D756}.Debug|Any CPU.ActiveCfg = Debug|Any CPU
		{17D51186-F17C-440C-8650-78EA07B4D756}.Debug|Any CPU.Build.0 = Debug|Any CPU
		{17D51186-F17C-440C-8650-78EA07B4D756}.Release|Any CPU.ActiveCfg = Release|Any CPU
		{17D51186-F17C-440C-8650-78EA07B4D756}.Release|Any CPU.Build.0 = Release|Any CPU
		{22E85E47-B5F5-46DB-85C5-1D24D69A330D}.Debug|Any CPU.ActiveCfg = Debug|Any CPU
		{22E85E47-B5F5-46DB-85C5-1D24D69A330D}.Debug|Any CPU.Build.0 = Debug|Any CPU
		{22E85E47-B5F5-46DB-85C5-1D24D69A330D}.Release|Any CPU.ActiveCfg = Release|Any CPU
		{22E85E47-B5F5-46DB-85C5-1D24D69A330D}.Release|Any CPU.Build.0 = Release|Any CPU
		{7F602308-99F7-4516-934D-3DCC28DC6782}.Debug|Any CPU.ActiveCfg = Debug|Any CPU
		{7F602308-99F7-4516-934D-3DCC28DC6782}.Debug|Any CPU.Build.0 = Debug|Any CPU
		{7F602308-99F7-4516-934D-3DCC28DC6782}.Release|Any CPU.ActiveCfg = Release|Any CPU
		{7F602308-99F7-4516-934D-3DCC28DC6782}.Release|Any CPU.Build.0 = Release|Any CPU
		{7B44A2BE-7885-43A8-B34D-C8397BA9588D}.Debug|Any CPU.ActiveCfg = Debug|Any CPU
		{7B44A2BE-7885-43A8-B34D-C8397BA9588D}.Debug|Any CPU.Build.0 = Debug|Any CPU
		{7B44A2BE-7885-43A8-B34D-C8397BA9588D}.Release|Any CPU.ActiveCfg = Release|Any CPU
		{7B44A2BE-7885-43A8-B34D-C8397BA9588D}.Release|Any CPU.Build.0 = Release|Any CPU
		{3486F8AF-E532-4D50-B6DF-FC172B310450}.Debug|Any CPU.ActiveCfg = Debug|Any CPU
		{3486F8AF-E532-4D50-B6DF-FC172B310450}.Debug|Any CPU.Build.0 = Debug|Any CPU
		{3486F8AF-E532-4D50-B6DF-FC172B310450}.Release|Any CPU.ActiveCfg = Release|Any CPU
		{3486F8AF-E532-4D50-B6DF-FC172B310450}.Release|Any CPU.Build.0 = Release|Any CPU
		{8A34F8EC-EDE0-4B48-B708-12E1DE89B425}.Debug|Any CPU.ActiveCfg = Debug|Any CPU
		{8A34F8EC-EDE0-4B48-B708-12E1DE89B425}.Debug|Any CPU.Build.0 = Debug|Any CPU
		{8A34F8EC-EDE0-4B48-B708-12E1DE89B425}.Release|Any CPU.ActiveCfg = Release|Any CPU
		{8A34F8EC-EDE0-4B48-B708-12E1DE89B425}.Release|Any CPU.Build.0 = Release|Any CPU
		{2FE17B9D-ABBB-41B5-873F-99E6DEC41105}.Debug|Any CPU.ActiveCfg = Debug|Any CPU
		{2FE17B9D-ABBB-41B5-873F-99E6DEC41105}.Debug|Any CPU.Build.0 = Debug|Any CPU
		{2FE17B9D-ABBB-41B5-873F-99E6DEC41105}.Release|Any CPU.ActiveCfg = Release|Any CPU
		{2FE17B9D-ABBB-41B5-873F-99E6DEC41105}.Release|Any CPU.Build.0 = Release|Any CPU
	EndGlobalSection
	GlobalSection(SolutionProperties) = preSolution
		HideSolutionNode = FALSE
	EndGlobalSection
EndGlobal
