
Microsoft Visual Studio Solution File, Format Version 12.00
# Visual Studio 14
VisualStudioVersion = 14.0.25420.1
MinimumVisualStudioVersion = 10.0.40219.1
Project("{FAE04EC0-301F-11D3-BF4B-00C04F79EFBC}") = "Keyblock", "Keyblock\Keyblock.csproj", "{E62C2573-7885-4EB6-92C1-A708E7736F34}"
EndProject
Project("{FAE04EC0-301F-11D3-BF4B-00C04F79EFBC}") = "NewCamd", "NewCamd\NewCamd.csproj", "{9B439EA3-B20C-4A50-9657-4D393AD2D72D}"
EndProject
Project("{FAE04EC0-301F-11D3-BF4B-00C04F79EFBC}") = "SharedComponents", "SharedComponents\SharedComponents.csproj", "{17E72FDD-C439-4955-8FA6-125F08702A79}"
EndProject
Project("{FAE04EC0-301F-11D3-BF4B-00C04F79EFBC}") = "SettopBox", "SettopBox\SettopBox.csproj", "{2BC70BDC-4906-4682-A061-9743BD3DB822}"
EndProject
Project("{2150E333-8FDC-42A3-9474-1A3956D46DE8}") = "Synology", "Synology", "{48142585-0429-4B24-9A61-12FAAEC4261D}"
EndProject
Project("{2150E333-8FDC-42A3-9474-1A3956D46DE8}") = "package.tgz", "package.tgz", "{D4710B83-9607-42A0-8FD8-FFE355028225}"
EndProject
Project("{2150E333-8FDC-42A3-9474-1A3956D46DE8}") = "spk", "spk", "{EB9921AF-ABD9-4C17-9EF7-D573A1DCCB01}"
	ProjectSection(SolutionItems) = preProject
		Synology\spk\INFO = Synology\spk\INFO
		Synology\spk\PACKAGE_ICON.PNG = Synology\spk\PACKAGE_ICON.PNG
		Synology\spk\PACKAGE_ICON_120.PNG = Synology\spk\PACKAGE_ICON_120.PNG
	EndProjectSection
EndProject
Project("{2150E333-8FDC-42A3-9474-1A3956D46DE8}") = "app", "app", "{B81348BC-0138-46B2-A157-AEE0600E406D}"
	ProjectSection(SolutionItems) = preProject
		Synology\package.tgz\app\config = Synology\package.tgz\app\config
	EndProjectSection
EndProject
Project("{2150E333-8FDC-42A3-9474-1A3956D46DE8}") = "bin", "bin", "{510023F1-DC1B-41C0-ABEC-705F677591AB}"
	ProjectSection(SolutionItems) = preProject
		Synology\package.tgz\bin\busybox = Synology\package.tgz\bin\busybox
		Synology\package.tgz\bin\udpxy = Synology\package.tgz\bin\udpxy
	EndProjectSection
EndProject
Project("{2150E333-8FDC-42A3-9474-1A3956D46DE8}") = "share", "share", "{7D41F63D-09F9-48EA-9475-583ACAD17F45}"
EndProject
Project("{2150E333-8FDC-42A3-9474-1A3956D46DE8}") = "SettopBox", "SettopBox", "{B91DE7A2-BC3F-485E-85EA-4809AB0AD355}"
	ProjectSection(SolutionItems) = preProject
		Synology\package.tgz\share\SettopBox\README.txt = Synology\package.tgz\share\SettopBox\README.txt
	EndProjectSection
EndProject
Project("{2150E333-8FDC-42A3-9474-1A3956D46DE8}") = "images", "images", "{DC5DA914-448F-4385-A840-8F9FECFC3877}"
	ProjectSection(SolutionItems) = preProject
		Synology\package.tgz\app\images\settopbox-16.png = Synology\package.tgz\app\images\settopbox-16.png
		Synology\package.tgz\app\images\settopbox-24.png = Synology\package.tgz\app\images\settopbox-24.png
		Synology\package.tgz\app\images\settopbox-32.png = Synology\package.tgz\app\images\settopbox-32.png
		Synology\package.tgz\app\images\settopbox-48.png = Synology\package.tgz\app\images\settopbox-48.png
		Synology\package.tgz\app\images\settopbox-72.png = Synology\package.tgz\app\images\settopbox-72.png
	EndProjectSection
EndProject
Project("{2150E333-8FDC-42A3-9474-1A3956D46DE8}") = "scripts", "scripts", "{57A5F425-837C-499F-BE80-61CD24DA1C06}"
	ProjectSection(SolutionItems) = preProject
		Synology\spk\scripts\installer = Synology\spk\scripts\installer
		Synology\spk\scripts\postinst = Synology\spk\scripts\postinst
		Synology\spk\scripts\postuninst = Synology\spk\scripts\postuninst
		Synology\spk\scripts\postupgrade = Synology\spk\scripts\postupgrade
		Synology\spk\scripts\preinst = Synology\spk\scripts\preinst
		Synology\spk\scripts\preuninst = Synology\spk\scripts\preuninst
		Synology\spk\scripts\preupgrade = Synology\spk\scripts\preupgrade
		Synology\spk\scripts\settopbox.sc = Synology\spk\scripts\settopbox.sc
		Synology\spk\scripts\start-stop-status = Synology\spk\scripts\start-stop-status
	EndProjectSection
EndProject
Project("{FAE04EC0-301F-11D3-BF4B-00C04F79EFBC}") = "WebUi", "WebUi\WebUi.csproj", "{61ACA837-0874-4BCC-8815-B3E64207480D}"
EndProject
Project("{FAE04EC0-301F-11D3-BF4B-00C04F79EFBC}") = "RunAndMonitor", "RunAndMonitor\RunAndMonitor.csproj", "{17D51186-F17C-440C-8650-78EA07B4D756}"
EndProject
Project("{FAE04EC0-301F-11D3-BF4B-00C04F79EFBC}") = "EpgGrabber", "EpgGrabber\EpgGrabber.csproj", "{22E85E47-B5F5-46DB-85C5-1D24D69A330D}"
EndProject
Project("{FAE04EC0-301F-11D3-BF4B-00C04F79EFBC}") = "TvHeadendIntegration", "TvHeadendIntegration\TvHeadendIntegration.csproj", "{7F602308-99F7-4516-934D-3DCC28DC6782}"
EndProject
Project("{FAE04EC0-301F-11D3-BF4B-00C04F79EFBC}") = "ChannelList", "ChannelList\ChannelList.csproj", "{7B44A2BE-7885-43A8-B34D-C8397BA9588D}"
EndProject
Project("{FAE04EC0-301F-11D3-BF4B-00C04F79EFBC}") = "WebHelper", "WebHelper\WebHelper.csproj", "{3486F8AF-E532-4D50-B6DF-FC172B310450}"
EndProject
Global
	GlobalSection(SolutionConfigurationPlatforms) = preSolution
		Debug|Any CPU = Debug|Any CPU
		Release|Any CPU = Release|Any CPU
	EndGlobalSection
	GlobalSection(ProjectConfigurationPlatforms) = postSolution
		{E62C2573-7885-4EB6-92C1-A708E7736F34}.Debug|Any CPU.ActiveCfg = Debug|Any CPU
		{E62C2573-7885-4EB6-92C1-A708E7736F34}.Debug|Any CPU.Build.0 = Debug|Any CPU
		{E62C2573-7885-4EB6-92C1-A708E7736F34}.Release|Any CPU.ActiveCfg = Release|Any CPU
		{E62C2573-7885-4EB6-92C1-A708E7736F34}.Release|Any CPU.Build.0 = Release|Any CPU
		{9B439EA3-B20C-4A50-9657-4D393AD2D72D}.Debug|Any CPU.ActiveCfg = Debug|Any CPU
		{9B439EA3-B20C-4A50-9657-4D393AD2D72D}.Debug|Any CPU.Build.0 = Debug|Any CPU
		{9B439EA3-B20C-4A50-9657-4D393AD2D72D}.Release|Any CPU.ActiveCfg = Release|Any CPU
		{9B439EA3-B20C-4A50-9657-4D393AD2D72D}.Release|Any CPU.Build.0 = Release|Any CPU
		{17E72FDD-C439-4955-8FA6-125F08702A79}.Debug|Any CPU.ActiveCfg = Debug|Any CPU
		{17E72FDD-C439-4955-8FA6-125F08702A79}.Debug|Any CPU.Build.0 = Debug|Any CPU
		{17E72FDD-C439-4955-8FA6-125F08702A79}.Release|Any CPU.ActiveCfg = Release|Any CPU
		{17E72FDD-C439-4955-8FA6-125F08702A79}.Release|Any CPU.Build.0 = Release|Any CPU
		{2BC70BDC-4906-4682-A061-9743BD3DB822}.Debug|Any CPU.ActiveCfg = Debug|Any CPU
		{2BC70BDC-4906-4682-A061-9743BD3DB822}.Debug|Any CPU.Build.0 = Debug|Any CPU
		{2BC70BDC-4906-4682-A061-9743BD3DB822}.Release|Any CPU.ActiveCfg = Release|Any CPU
		{2BC70BDC-4906-4682-A061-9743BD3DB822}.Release|Any CPU.Build.0 = Release|Any CPU
		{61ACA837-0874-4BCC-8815-B3E64207480D}.Debug|Any CPU.ActiveCfg = Debug|Any CPU
		{61ACA837-0874-4BCC-8815-B3E64207480D}.Debug|Any CPU.Build.0 = Debug|Any CPU
		{61ACA837-0874-4BCC-8815-B3E64207480D}.Release|Any CPU.ActiveCfg = Release|Any CPU
		{61ACA837-0874-4BCC-8815-B3E64207480D}.Release|Any CPU.Build.0 = Release|Any CPU
		{17D51186-F17C-440C-8650-78EA07B4D756}.Debug|Any CPU.ActiveCfg = Debug|Any CPU
		{17D51186-F17C-440C-8650-78EA07B4D756}.Debug|Any CPU.Build.0 = Debug|Any CPU
		{17D51186-F17C-440C-8650-78EA07B4D756}.Release|Any CPU.ActiveCfg = Release|Any CPU
		{17D51186-F17C-440C-8650-78EA07B4D756}.Release|Any CPU.Build.0 = Release|Any CPU
		{22E85E47-B5F5-46DB-85C5-1D24D69A330D}.Debug|Any CPU.ActiveCfg = Debug|Any CPU
		{22E85E47-B5F5-46DB-85C5-1D24D69A330D}.Debug|Any CPU.Build.0 = Debug|Any CPU
		{22E85E47-B5F5-46DB-85C5-1D24D69A330D}.Release|Any CPU.ActiveCfg = Release|Any CPU
		{22E85E47-B5F5-46DB-85C5-1D24D69A330D}.Release|Any CPU.Build.0 = Release|Any CPU
		{7F602308-99F7-4516-934D-3DCC28DC6782}.Debug|Any CPU.ActiveCfg = Debug|Any CPU
		{7F602308-99F7-4516-934D-3DCC28DC6782}.Debug|Any CPU.Build.0 = Debug|Any CPU
		{7F602308-99F7-4516-934D-3DCC28DC6782}.Release|Any CPU.ActiveCfg = Release|Any CPU
		{7F602308-99F7-4516-934D-3DCC28DC6782}.Release|Any CPU.Build.0 = Release|Any CPU
		{7B44A2BE-7885-43A8-B34D-C8397BA9588D}.Debug|Any CPU.ActiveCfg = Debug|Any CPU
		{7B44A2BE-7885-43A8-B34D-C8397BA9588D}.Debug|Any CPU.Build.0 = Debug|Any CPU
		{7B44A2BE-7885-43A8-B34D-C8397BA9588D}.Release|Any CPU.ActiveCfg = Release|Any CPU
		{7B44A2BE-7885-43A8-B34D-C8397BA9588D}.Release|Any CPU.Build.0 = Release|Any CPU
		{3486F8AF-E532-4D50-B6DF-FC172B310450}.Debug|Any CPU.ActiveCfg = Debug|Any CPU
		{3486F8AF-E532-4D50-B6DF-FC172B310450}.Debug|Any CPU.Build.0 = Debug|Any CPU
		{3486F8AF-E532-4D50-B6DF-FC172B310450}.Release|Any CPU.ActiveCfg = Release|Any CPU
		{3486F8AF-E532-4D50-B6DF-FC172B310450}.Release|Any CPU.Build.0 = Release|Any CPU
	EndGlobalSection
	GlobalSection(SolutionProperties) = preSolution
		HideSolutionNode = FALSE
	EndGlobalSection
	GlobalSection(NestedProjects) = preSolution
		{D4710B83-9607-42A0-8FD8-FFE355028225} = {48142585-0429-4B24-9A61-12FAAEC4261D}
		{EB9921AF-ABD9-4C17-9EF7-D573A1DCCB01} = {48142585-0429-4B24-9A61-12FAAEC4261D}
		{B81348BC-0138-46B2-A157-AEE0600E406D} = {D4710B83-9607-42A0-8FD8-FFE355028225}
		{510023F1-DC1B-41C0-ABEC-705F677591AB} = {D4710B83-9607-42A0-8FD8-FFE355028225}
		{7D41F63D-09F9-48EA-9475-583ACAD17F45} = {D4710B83-9607-42A0-8FD8-FFE355028225}
		{B91DE7A2-BC3F-485E-85EA-4809AB0AD355} = {7D41F63D-09F9-48EA-9475-583ACAD17F45}
		{DC5DA914-448F-4385-A840-8F9FECFC3877} = {B81348BC-0138-46B2-A157-AEE0600E406D}
		{57A5F425-837C-499F-BE80-61CD24DA1C06} = {EB9921AF-ABD9-4C17-9EF7-D573A1DCCB01}
	EndGlobalSection
EndGlobal
